
Microsoft Visual Studio Solution File, Format Version 11.00
# Visual Studio 2010
# SharpDevelop 4.4
Project("{FD48973F-F585-4F70-812B-4D0503B36CE9}") = "strint1", "strint1\strint1.pyproj", "{361FCBD0-4FC6-478A-B6F2-020042E71DFC}"
EndProject
Global
	GlobalSection(SolutionConfigurationPlatforms) = preSolution
		Debug|Any CPU = Debug|Any CPU
		Release|Any CPU = Release|Any CPU
	EndGlobalSection
	GlobalSection(ProjectConfigurationPlatforms) = postSolution
		{361FCBD0-4FC6-478A-B6F2-020042E71DFC}.Debug|Any CPU.Build.0 = Debug|Any CPU
		{361FCBD0-4FC6-478A-B6F2-020042E71DFC}.Debug|Any CPU.ActiveCfg = Debug|Any CPU
		{361FCBD0-4FC6-478A-B6F2-020042E71DFC}.Release|Any CPU.Build.0 = Release|Any CPU
		{361FCBD0-4FC6-478A-B6F2-020042E71DFC}.Release|Any CPU.ActiveCfg = Release|Any CPU
	EndGlobalSection
EndGlobal
