
Microsoft Visual Studio Solution File, Format Version 11.00
# Visual Studio 2010
# SharpDevelop 4.4
Project("{FD48973F-F585-4F70-812B-4D0503B36CE9}") = "Pg485SkateboardDesigner", "Pg485SkateboardDesigner\Pg485SkateboardDesigner.pyproj", "{AD14A032-4658-4BFA-9F82-596D0E63D599}"
EndProject
Global
	GlobalSection(SolutionConfigurationPlatforms) = preSolution
		Debug|Any CPU = Debug|Any CPU
		Release|Any CPU = Release|Any CPU
	EndGlobalSection
	GlobalSection(ProjectConfigurationPlatforms) = postSolution
		{AD14A032-4658-4BFA-9F82-596D0E63D599}.Debug|Any CPU.Build.0 = Debug|Any CPU
		{AD14A032-4658-4BFA-9F82-596D0E63D599}.Debug|Any CPU.ActiveCfg = Debug|Any CPU
		{AD14A032-4658-4BFA-9F82-596D0E63D599}.Release|Any CPU.Build.0 = Release|Any CPU
		{AD14A032-4658-4BFA-9F82-596D0E63D599}.Release|Any CPU.ActiveCfg = Release|Any CPU
	EndGlobalSection
EndGlobal
