
Microsoft Visual Studio Solution File, Format Version 11.00
# Visual Studio 2010
# SharpDevelop 4.4
Project("{FD48973F-F585-4F70-812B-4D0503B36CE9}") = "Pg435TicketSales", "Pg435TicketSales\Pg435TicketSales.pyproj", "{4A1E83B3-F9EF-4E7A-B127-E905D7433918}"
EndProject
Global
	GlobalSection(SolutionConfigurationPlatforms) = preSolution
		Debug|Any CPU = Debug|Any CPU
		Release|Any CPU = Release|Any CPU
	EndGlobalSection
	GlobalSection(ProjectConfigurationPlatforms) = postSolution
		{4A1E83B3-F9EF-4E7A-B127-E905D7433918}.Debug|Any CPU.Build.0 = Debug|Any CPU
		{4A1E83B3-F9EF-4E7A-B127-E905D7433918}.Debug|Any CPU.ActiveCfg = Debug|Any CPU
		{4A1E83B3-F9EF-4E7A-B127-E905D7433918}.Release|Any CPU.Build.0 = Release|Any CPU
		{4A1E83B3-F9EF-4E7A-B127-E905D7433918}.Release|Any CPU.ActiveCfg = Release|Any CPU
	EndGlobalSection
EndGlobal
