
Microsoft Visual Studio Solution File, Format Version 11.00
# Visual Studio 2010
# SharpDevelop 4.4
Project("{FD48973F-F585-4F70-812B-4D0503B36CE9}") = "Pg435", "Pg435\Pg435.pyproj", "{3159DC81-F591-4558-AD17-DD857837C54C}"
EndProject
Project("{FD48973F-F585-4F70-812B-4D0503B36CE9}") = "Public Ticket Sales", "Public Ticket Sales\Public Ticket Sales.pyproj", "{F6873E97-C583-45FE-A105-4EB7F2F8DB95}"
EndProject
Project("{FD48973F-F585-4F70-812B-4D0503B36CE9}") = "Student Ticket Sales", "Student Ticket Sales\Student Ticket Sales.pyproj", "{EEED1A4B-DD8E-4192-B387-BD7262D70EFF}"
EndProject
Global
	GlobalSection(SolutionConfigurationPlatforms) = preSolution
		Debug|Any CPU = Debug|Any CPU
		Release|Any CPU = Release|Any CPU
	EndGlobalSection
	GlobalSection(ProjectConfigurationPlatforms) = postSolution
		{3159DC81-F591-4558-AD17-DD857837C54C}.Debug|Any CPU.Build.0 = Debug|Any CPU
		{3159DC81-F591-4558-AD17-DD857837C54C}.Debug|Any CPU.ActiveCfg = Debug|Any CPU
		{3159DC81-F591-4558-AD17-DD857837C54C}.Release|Any CPU.Build.0 = Release|Any CPU
		{3159DC81-F591-4558-AD17-DD857837C54C}.Release|Any CPU.ActiveCfg = Release|Any CPU
		{F6873E97-C583-45FE-A105-4EB7F2F8DB95}.Debug|Any CPU.Build.0 = Debug|Any CPU
		{F6873E97-C583-45FE-A105-4EB7F2F8DB95}.Debug|Any CPU.ActiveCfg = Debug|Any CPU
		{F6873E97-C583-45FE-A105-4EB7F2F8DB95}.Release|Any CPU.Build.0 = Release|Any CPU
		{F6873E97-C583-45FE-A105-4EB7F2F8DB95}.Release|Any CPU.ActiveCfg = Release|Any CPU
		{EEED1A4B-DD8E-4192-B387-BD7262D70EFF}.Debug|Any CPU.Build.0 = Debug|Any CPU
		{EEED1A4B-DD8E-4192-B387-BD7262D70EFF}.Debug|Any CPU.ActiveCfg = Debug|Any CPU
		{EEED1A4B-DD8E-4192-B387-BD7262D70EFF}.Release|Any CPU.Build.0 = Release|Any CPU
		{EEED1A4B-DD8E-4192-B387-BD7262D70EFF}.Release|Any CPU.ActiveCfg = Release|Any CPU
	EndGlobalSection
EndGlobal
