
Microsoft Visual Studio Solution File, Format Version 12.00
# Visual Studio Version 17
VisualStudioVersion = 17.0.32014.148
MinimumVisualStudioVersion = 10.0.40219.1
Project("{9A19103F-16F7-4668-BE54-9A1E7A4F7556}") = "Prog54d", "Prog54d\Prog54d.csproj", "{BFD9072D-289C-4E61-9D7B-6C337BF131FF}"
EndProject
Project("{FAE04EC0-301F-11D3-BF4B-00C04F79EFBC}") = "Prog88a", "Prog88a\Prog88a.csproj", "{DE7F23E5-BFCE-42B0-A376-3D55A7BC6719}"
EndProject
Global
	GlobalSection(SolutionConfigurationPlatforms) = preSolution
		Debug|Any CPU = Debug|Any CPU
		Release|Any CPU = Release|Any CPU
	EndGlobalSection
	GlobalSection(ProjectConfigurationPlatforms) = postSolution
		{BFD9072D-289C-4E61-9D7B-6C337BF131FF}.Debug|Any CPU.ActiveCfg = Debug|Any CPU
		{BFD9072D-289C-4E61-9D7B-6C337BF131FF}.Debug|Any CPU.Build.0 = Debug|Any CPU
		{BFD9072D-289C-4E61-9D7B-6C337BF131FF}.Release|Any CPU.ActiveCfg = Release|Any CPU
		{BFD9072D-289C-4E61-9D7B-6C337BF131FF}.Release|Any CPU.Build.0 = Release|Any CPU
		{DE7F23E5-BFCE-42B0-A376-3D55A7BC6719}.Debug|Any CPU.ActiveCfg = Debug|Any CPU
		{DE7F23E5-BFCE-42B0-A376-3D55A7BC6719}.Debug|Any CPU.Build.0 = Debug|Any CPU
		{DE7F23E5-BFCE-42B0-A376-3D55A7BC6719}.Release|Any CPU.ActiveCfg = Release|Any CPU
		{DE7F23E5-BFCE-42B0-A376-3D55A7BC6719}.Release|Any CPU.Build.0 = Release|Any CPU
	EndGlobalSection
	GlobalSection(SolutionProperties) = preSolution
		HideSolutionNode = FALSE
	EndGlobalSection
	GlobalSection(ExtensibilityGlobals) = postSolution
		SolutionGuid = {2928A025-5576-4298-908E-8E99130F7538}
	EndGlobalSection
EndGlobal
