
Microsoft Visual Studio Solution File, Format Version 12.00
# Visual Studio Version 17
VisualStudioVersion = 17.0.32014.148
MinimumVisualStudioVersion = 10.0.40219.1
Project("{FAE04EC0-301F-11D3-BF4B-00C04F79EFBC}") = "Prog54c", "Prog52c\Prog54c.csproj", "{B4E674B1-67F3-4069-9810-50973DB6710A}"
EndProject
Global
	GlobalSection(SolutionConfigurationPlatforms) = preSolution
		Debug|Any CPU = Debug|Any CPU
		Release|Any CPU = Release|Any CPU
	EndGlobalSection
	GlobalSection(ProjectConfigurationPlatforms) = postSolution
		{B4E674B1-67F3-4069-9810-50973DB6710A}.Debug|Any CPU.ActiveCfg = Debug|Any CPU
		{B4E674B1-67F3-4069-9810-50973DB6710A}.Debug|Any CPU.Build.0 = Debug|Any CPU
		{B4E674B1-67F3-4069-9810-50973DB6710A}.Release|Any CPU.ActiveCfg = Release|Any CPU
		{B4E674B1-67F3-4069-9810-50973DB6710A}.Release|Any CPU.Build.0 = Release|Any CPU
	EndGlobalSection
	GlobalSection(SolutionProperties) = preSolution
		HideSolutionNode = FALSE
	EndGlobalSection
	GlobalSection(ExtensibilityGlobals) = postSolution
		SolutionGuid = {BE32E955-9722-4E3D-8C3F-0B45680861D3}
	EndGlobalSection
EndGlobal
