
Microsoft Visual Studio Solution File, Format Version 11.00
# Visual Studio 2010
# SharpDevelop 4.4
Project("{FD48973F-F585-4F70-812B-4D0503B36CE9}") = "pg447", "pg447\pg447.pyproj", "{A5D678DA-A13F-4106-B2CC-55D1932AEEF9}"
EndProject
Global
	GlobalSection(SolutionConfigurationPlatforms) = preSolution
		Debug|Any CPU = Debug|Any CPU
		Release|Any CPU = Release|Any CPU
	EndGlobalSection
	GlobalSection(ProjectConfigurationPlatforms) = postSolution
		{A5D678DA-A13F-4106-B2CC-55D1932AEEF9}.Debug|Any CPU.Build.0 = Debug|Any CPU
		{A5D678DA-A13F-4106-B2CC-55D1932AEEF9}.Debug|Any CPU.ActiveCfg = Debug|Any CPU
		{A5D678DA-A13F-4106-B2CC-55D1932AEEF9}.Release|Any CPU.Build.0 = Release|Any CPU
		{A5D678DA-A13F-4106-B2CC-55D1932AEEF9}.Release|Any CPU.ActiveCfg = Release|Any CPU
	EndGlobalSection
EndGlobal
