
Microsoft Visual Studio Solution File, Format Version 11.00
# Visual Studio 2010
# SharpDevelop 4.4
Project("{FD48973F-F585-4F70-812B-4D0503B36CE9}") = "strint2", "strint2\strint2.pyproj", "{72315EB1-9434-435C-87B4-73D4AC2A771A}"
EndProject
Global
	GlobalSection(SolutionConfigurationPlatforms) = preSolution
		Debug|Any CPU = Debug|Any CPU
		Release|Any CPU = Release|Any CPU
	EndGlobalSection
	GlobalSection(ProjectConfigurationPlatforms) = postSolution
		{72315EB1-9434-435C-87B4-73D4AC2A771A}.Debug|Any CPU.Build.0 = Debug|Any CPU
		{72315EB1-9434-435C-87B4-73D4AC2A771A}.Debug|Any CPU.ActiveCfg = Debug|Any CPU
		{72315EB1-9434-435C-87B4-73D4AC2A771A}.Release|Any CPU.Build.0 = Release|Any CPU
		{72315EB1-9434-435C-87B4-73D4AC2A771A}.Release|Any CPU.ActiveCfg = Release|Any CPU
	EndGlobalSection
EndGlobal
